
Microsoft Visual Studio Solution File, Format Version 12.00
# Visual Studio Version 17
VisualStudioVersion = 17.4.33103.184
MinimumVisualStudioVersion = 10.0.40219.1
Project("{FAE04EC0-301F-11D3-BF4B-00C04F79EFBC}") = "Capitulo 4 ejercicio 9", "Capitulo 4 ejercicio 9\Capitulo 4 ejercicio 9.csproj", "{379DBD79-8B73-4853-AC60-D579A6FB7277}"
EndProject
Global
	GlobalSection(SolutionConfigurationPlatforms) = preSolution
		Debug|Any CPU = Debug|Any CPU
		Release|Any CPU = Release|Any CPU
	EndGlobalSection
	GlobalSection(ProjectConfigurationPlatforms) = postSolution
		{379DBD79-8B73-4853-AC60-D579A6FB7277}.Debug|Any CPU.ActiveCfg = Debug|Any CPU
		{379DBD79-8B73-4853-AC60-D579A6FB7277}.Debug|Any CPU.Build.0 = Debug|Any CPU
		{379DBD79-8B73-4853-AC60-D579A6FB7277}.Release|Any CPU.ActiveCfg = Release|Any CPU
		{379DBD79-8B73-4853-AC60-D579A6FB7277}.Release|Any CPU.Build.0 = Release|Any CPU
	EndGlobalSection
	GlobalSection(SolutionProperties) = preSolution
		HideSolutionNode = FALSE
	EndGlobalSection
	GlobalSection(ExtensibilityGlobals) = postSolution
		SolutionGuid = {2F05A6DF-62AB-402D-B757-93CDEA83EC98}
	EndGlobalSection
EndGlobal
